{
  "nodes": {
    "agenix": {
      "inputs": {
        "nixpkgs": [
          "nixpkgs"
        ]
      },
      "locked": {
        "lastModified": 1790734419,
        "narHash": "sha256-n7wew722m1OTBT9DOIMxNX/NF4zfsSUABAO5eW3wikE=",
        "owner": "ryantm",
        "repo": "agenix",
        "rev": "3daa710894355fa2fad8243380af373a2b4046ef",
        "type": "github"
      },
      "original": {
        "owner": "ryantm",
        "repo": "agenix",
        "type": "github"
      }
    },
    "agent-sandbox": {
      "inputs": {
        "nixpkgs": [
          "nixpkgs"
        ]
      },
      "locked": {
        "lastModified": 1791273391,
        "narHash": "sha256-L5yxZQ12iGD+BTKd/HdjRDtQrx4RwU1LV3gDxRusJkM=",
        "owner": "archie-judd",
        "repo": "agent-sandbox.nix",
        "rev": "ee9d60f888db958e3831220c5b1e869b08d4d3b0",
        "type": "github"
      },
      "original": {
        "owner": "archie-judd",
        "repo": "agent-sandbox.nix",
        "type": "github"
      }
    },
    "anubis-fetch": {
      "inputs": {
        "flake-utils": "flake-utils",
        "nixpkgs": "nixpkgs",
        "treefmt-nix": "treefmt-nix"
      },
      "locked": {
        "lastModified": 1790870162,
        "narHash": "sha256-y79LWCnsRworq1DIu3FpKxYRICvKcRS2gNLGeOhDuDo=",
        "owner": "fzakaria",
        "repo": "anubis-fetch",
        "rev": "8e7197dd6fc5fe9cd3af5111048d394b7bcb3468",
        "type": "github"
      },
      "original": {
        "owner": "fzakaria",
        "repo": "anubis-fetch",
        "type": "github"
      }
    },
    "chaotic": {
      "inputs": {
        "flake-schemas": "flake-schemas",
        "home-manager": "home-manager",
        "nixpkgs": "nixpkgs_2"
      },
      "locked": {
        "lastModified": 1791316105,
        "narHash": "sha256-VHgiPseiw+83hAhC6u3kYso1iezJoWk3uLkEkMIIXUw=",
        "owner": "chaotic-cx",
        "repo": "nyx",
        "rev": "82e680270fd85bfed60615fe0c00fe13a2dc9668",
        "type": "github"
      },
      "original": {
        "owner": "chaotic-cx",
        "ref": "nyxpkgs-unstable",
        "repo": "nyx",
        "type": "github"
      }
    },
    "crane": {
      "locked": {
        "lastModified": 1780532242,
        "narHash": "sha256-D+BsdpxmtUwtqGoY0IXPhHgTlmqgcZKCEo1oMyn7ep0=",
        "owner": "ipetkov",
        "repo": "crane",
        "rev": "59a82a1222dd3b2080b5cc52a1a2e8d5f1b77f37",
        "type": "github"
      },
      "original": {
        "owner": "ipetkov",
        "repo": "crane",
        "type": "github"
      }
    },
    "flake-compat": {
      "flake": false,
      "locked": {
        "lastModified": 1767039857,
        "narHash": "sha256-vNpUSpF5Nuw8xvDLj2KCwwksIbjua2LZCqhV1LNRDns=",
        "owner": "NixOS",
        "repo": "flake-compat",
        "rev": "5edf11c44bc78a0d334f6334cdaf7d60d732daab",
        "type": "github"
      },
      "original": {
        "owner": "NixOS",
        "repo": "flake-compat",
        "type": "github"
      }
    },
    "flake-parts": {
      "inputs": {
        "nixpkgs-lib": "nixpkgs-lib"
      },
      "locked": {
        "lastModified": 1790898470,
        "narHash": "sha256-zTwuwezD0w3hpga6a6P8emidzAZFyWqlNeRBlpWOOl8=",
        "owner": "hercules-ci",
        "repo": "flake-parts",
        "rev": "024633cd702b10285db5cb19b40ad48d2399ba60",
        "type": "github"
      },
      "original": {
        "owner": "hercules-ci",
        "repo": "flake-parts",
        "type": "github"
      }
    },
    "flake-parts_2": {
      "inputs": {
        "nixpkgs-lib": [
          "nur",
          "nixpkgs"
        ]
      },
      "locked": {
        "lastModified": 1733312601,
        "narHash": "sha256-4pDvzqnegAfRkPwO3wmwBhVi/Sye1mzps0zHWYnP88c=",
        "owner": "hercules-ci",
        "repo": "flake-parts",
        "rev": "205b12d8b7cd4802fbcb8e8ef6a0f1408781a4f9",
        "type": "github"
      },
      "original": {
        "owner": "hercules-ci",
        "repo": "flake-parts",
        "type": "github"
      }
    },
    "flake-schemas": {
      "locked": {
        "lastModified": 1780327564,
        "narHash": "sha256-HiRPtA0spK+Dkgbhz/1zW9glXxNVB+L4Rj2VYmdawb8=",
        "rev": "6cc9bd98891b1fc6bb2b8cb3277df8bc72799ca6",
        "revCount": 149,
        "type": "tarball",
        "url": "https://api.flakehub.com/f/pinned/DeterminateSystems/flake-schemas/0.5.0/019e83cf-9af3-78b1-ac5b-70e68ad1efe1/source.tar.gz"
      },
      "original": {
        "type": "tarball",
        "url": "https://flakehub.com/f/DeterminateSystems/flake-schemas/%3D0.5.0.tar.gz"
      }
    },
    "flake-utils": {
      "inputs": {
        "systems": "systems"
      },
      "locked": {
        "lastModified": 1731533236,
        "narHash": "sha256-l0KFg5HjrsfsO/JpG+r7fRrqm12kzFHyUHqHCVpMMbI=",
        "owner": "numtide",
        "repo": "flake-utils",
        "rev": "11707dc2f618dd54ca8739b309ec4fc024de578b",
        "type": "github"
      },
      "original": {
        "owner": "numtide",
        "repo": "flake-utils",
        "type": "github"
      }
    },
    "flake-utils_2": {
      "inputs": {
        "systems": "systems_2"
      },
      "locked": {
        "lastModified": 1731533236,
        "narHash": "sha256-l0KFg5HjrsfsO/JpG+r7fRrqm12kzFHyUHqHCVpMMbI=",
        "owner": "numtide",
        "repo": "flake-utils",
        "rev": "11707dc2f618dd54ca8739b309ec4fc024de578b",
        "type": "github"
      },
      "original": {
        "owner": "numtide",
        "repo": "flake-utils",
        "type": "github"
      }
    },
    "flake-utils_3": {
      "inputs": {
        "systems": "systems_3"
      },
      "locked": {
        "lastModified": 1731533236,
        "narHash": "sha256-l0KFg5HjrsfsO/JpG+r7fRrqm12kzFHyUHqHCVpMMbI=",
        "owner": "numtide",
        "repo": "flake-utils",
        "rev": "11707dc2f618dd54ca8739b309ec4fc024de578b",
        "type": "github"
      },
      "original": {
        "owner": "numtide",
        "repo": "flake-utils",
        "type": "github"
      }
    },
    "flake-utils_4": {
      "inputs": {
        "systems": "systems_4"
      },
      "locked": {
        "lastModified": 1731533236,
        "narHash": "sha256-l0KFg5HjrsfsO/JpG+r7fRrqm12kzFHyUHqHCVpMMbI=",
        "owner": "numtide",
        "repo": "flake-utils",
        "rev": "11707dc2f618dd54ca8739b309ec4fc024de578b",
        "type": "github"
      },
      "original": {
        "owner": "numtide",
        "repo": "flake-utils",
        "type": "github"
      }
    },
    "git-hooks": {
      "inputs": {
        "flake-compat": [
          "nix-gaming",
          "flake-compat"
        ],
        "nixpkgs": [
          "nix-gaming",
          "nixpkgs"
        ]
      },
      "locked": {
        "lastModified": 1790500375,
        "narHash": "sha256-XN3sDtn8TU9hAc9xqZ+SqRB/HHm2wjxM6aSWYLJU+oo=",
        "owner": "cachix",
        "repo": "git-hooks.nix",
        "rev": "a0e4241b51206fbcbf52fd322eb5f0cd80f153c4",
        "type": "github"
      },
      "original": {
        "owner": "cachix",
        "repo": "git-hooks.nix",
        "type": "github"
      }
    },
    "gitboy": {
      "inputs": {
        "crane": "crane",
        "flake-utils": "flake-utils_3",
        "nixpkgs": [
          "nixpkgs"
        ],
        "rust-overlay": "rust-overlay"
      },
      "locked": {
        "lastModified": 1781307445,
        "narHash": "sha256-AzU/ZEtsPTrcPAxdmyWU8IHLpc3gWirskKYnCq21Rn8=",
        "owner": "givikuna",
        "repo": "gitboy",
        "rev": "18419ec9c449879eff638d12412cc59d5298f0b6",
        "type": "github"
      },
      "original": {
        "owner": "givikuna",
        "repo": "gitboy",
        "type": "github"
      }
    },
    "guix-src": {
      "flake": false,
      "locked": {
        "lastModified": 1777455062,
        "narHash": "sha256-gNG8rAaFjaMfltfMAd6HERxC4ZZEW25ykfk6kTIZXZQ=",
        "ref": "version-1.5.0",
        "rev": "ac03c482b1910a1672427beaea07ddcd1d652806",
        "shallow": true,
        "type": "git",
        "url": "https://codeberg.org/guix/guix.git"
      },
      "original": {
        "ref": "version-1.5.0",
        "shallow": true,
        "type": "git",
        "url": "https://codeberg.org/guix/guix.git"
      }
    },
    "guix-transfer": {
      "inputs": {
        "nixpkgs": "nixpkgs_3"
      },
      "locked": {
        "lastModified": 1785375660,
        "narHash": "sha256-TNnV/T+HguOAXa7rXNe32CcHrQ3u9JdqvL1uj/IkVqw=",
        "owner": "fzakaria",
        "repo": "guix-transfer",
        "rev": "dc8f92898f6345120f5911e2e4d83a3bf8c6aad4",
        "type": "github"
      },
      "original": {
        "owner": "fzakaria",
        "repo": "guix-transfer",
        "type": "github"
      }
    },
    "guixpkgs": {
      "inputs": {
        "guix-src": "guix-src",
        "guix-transfer": "guix-transfer",
        "nixpkgs": "nixpkgs_4",
        "treefmt-nix": "treefmt-nix_2"
      },
      "locked": {
        "lastModified": 1791090582,
        "narHash": "sha256-oNrjIiDh03ZFvtuW3m+7kK7LxwL0IVDI4e1HME3fUrw=",
        "owner": "fzakaria",
        "repo": "guixpkgs",
        "rev": "845f895a398846d0d870044f380d7344a3fa109f",
        "type": "github"
      },
      "original": {
        "owner": "fzakaria",
        "repo": "guixpkgs",
        "type": "github"
      }
    },
    "home-manager": {
      "inputs": {
        "nixpkgs": [
          "chaotic",
          "nixpkgs"
        ]
      },
      "locked": {
        "lastModified": 1791227480,
        "narHash": "sha256-+lrD+sxc2RKUWXRBAcggn7uBCFeJgnV75jD/cz7gJRA=",
        "owner": "nix-community",
        "repo": "home-manager",
        "rev": "aa23f720d022187228bc264f759aef6b80233bcf",
        "type": "github"
      },
      "original": {
        "owner": "nix-community",
        "repo": "home-manager",
        "type": "github"
      }
    },
    "home-manager_2": {
      "inputs": {
        "nixpkgs": [
          "nixpkgs"
        ]
      },
      "locked": {
        "lastModified": 1791306979,
        "narHash": "sha256-KuLePuhwJM9NLt/gTLHzXaOoSZKGoB3m7NfXjiQ98HY=",
        "owner": "nix-community",
        "repo": "home-manager",
        "rev": "fae6e9e42c3b762ab47635cddcfaf6f52374a61b",
        "type": "github"
      },
      "original": {
        "owner": "nix-community",
        "repo": "home-manager",
        "type": "github"
      }
    },
    "home-manager_3": {
      "inputs": {
        "nixpkgs": [
          "nixcord",
          "nixpkgs"
        ]
      },
      "locked": {
        "lastModified": 1790996401,
        "narHash": "sha256-f+kOxEmOUnQazVAmGg0i8hzwgd1kX/geY+k/Dpheye8=",
        "owner": "nix-community",
        "repo": "home-manager",
        "rev": "db7d5e2332710f5abb088f6b5de927d7f9511b35",
        "type": "github"
      },
      "original": {
        "owner": "nix-community",
        "ref": "release-26.05",
        "repo": "home-manager",
        "type": "github"
      }
    },
    "multiverse": {
      "locked": {
        "lastModified": 1791292177,
        "narHash": "sha256-SK6y5Nh0D1Z1aK/RaqBl6n4xfe7sBJTRfQ36lPqB4/E=",
        "owner": "fzakaria",
        "repo": "nixpkgs-multiverse",
        "rev": "cd965211f1d098020065b7d2a36d1732a3538641",
        "type": "github"
      },
      "original": {
        "owner": "fzakaria",
        "repo": "nixpkgs-multiverse",
        "type": "github"
      }
    },
    "nix-darwin": {
      "inputs": {
        "nixpkgs": [
          "nixcord",
          "nixpkgs"
        ]
      },
      "locked": {
        "lastModified": 1783744694,
        "narHash": "sha256-2cp6N3rrwnGYLTx9l6N+NI+kwrCWxvJUbj5WJhvB29A=",
        "owner": "nix-darwin",
        "repo": "nix-darwin",
        "rev": "c3e90c89649b07d1a96e4b9dd6cd0d6e44b91a74",
        "type": "github"
      },
      "original": {
        "owner": "nix-darwin",
        "ref": "nix-darwin-26.05",
        "repo": "nix-darwin",
        "type": "github"
      }
    },
    "nix-flatpak": {
      "locked": {
        "lastModified": 1790428548,
        "narHash": "sha256-OsZ/I7v3ArCrk0XOUvkiU1dFtGtE1qZTHRGjvBXIKUU=",
        "owner": "gmodena",
        "repo": "nix-flatpak",
        "rev": "f1f045fc8b35ff59f88982c1752d3f3a42ca6a61",
        "type": "github"
      },
      "original": {
        "owner": "gmodena",
        "repo": "nix-flatpak",
        "type": "github"
      }
    },
    "nix-gaming": {
      "inputs": {
        "flake-compat": "flake-compat",
        "flake-parts": "flake-parts",
        "git-hooks": "git-hooks",
        "nixpkgs": "nixpkgs_5"
      },
      "locked": {
        "lastModified": 1791265590,
        "narHash": "sha256-fOrobHKriYn7+1TLF5OnBq5O2F/prMXN+VOHwZiiPWU=",
        "owner": "fufexan",
        "repo": "nix-gaming",
        "rev": "4df275fb999611ac853949fd0fdfbd055d68371f",
        "type": "github"
      },
      "original": {
        "owner": "fufexan",
        "repo": "nix-gaming",
        "type": "github"
      }
    },
    "nixcord": {
      "inputs": {
        "home-manager": "home-manager_3",
        "nix-darwin": "nix-darwin",
        "nixpkgs": "nixpkgs_6",
        "nixpkgs-ci": "nixpkgs-ci",
        "nixpkgs-packages": "nixpkgs-packages",
        "treefmt-nix": "treefmt-nix_3"
      },
      "locked": {
        "lastModified": 1791338806,
        "narHash": "sha256-vrXy2XkKVRAJlIMyvOC78ZKNEcVOo0+V2VQeU7DogoY=",
        "owner": "FlameFlag",
        "repo": "nixcord",
        "rev": "52bb45aeb72e40f0266853be91be46db2e3e423d",
        "type": "github"
      },
      "original": {
        "owner": "FlameFlag",
        "repo": "nixcord",
        "type": "github"
      }
    },
    "nixpkgs": {
      "locked": {
        "lastModified": 1783224372,
        "narHash": "sha256-8i/87eeoqiGE4yOTjwSA3Eh/ziJRQEmd/unYU+K27sk=",
        "owner": "NixOS",
        "repo": "nixpkgs",
        "rev": "d407951447dcd00442e97087bf374aad70c04cea",
        "type": "github"
      },
      "original": {
        "owner": "NixOS",
        "ref": "nixos-unstable",
        "repo": "nixpkgs",
        "type": "github"
      }
    },
    "nixpkgs-ci": {
      "locked": {
        "lastModified": 1791130267,
        "narHash": "sha256-NCFqY2YC3/5pwakzk7tXNUj3sG+VImjU4EkZMacxF1w=",
        "rev": "9013764fcc0ea99fa16cf7aa7decf8a5c3889dd2",
        "type": "tarball",
        "url": "https://releases.nixos.org/nixpkgs/nixpkgs-26.11pre1085518.9013764fcc0e/nixexprs.tar.zst"
      },
      "original": {
        "type": "tarball",
        "url": "https://channels.nixos.org/nixpkgs-unstable/nixexprs.tar.zst"
      }
    },
    "nixpkgs-lib": {
      "locked": {
        "lastModified": 1790477367,
        "narHash": "sha256-oujbxmVKDhci2E4EM3KyAbRUgp5/IsCoiA/LfEF7OOk=",
        "owner": "nix-community",
        "repo": "nixpkgs.lib",
        "rev": "f7cd230690d9fc982d06129f9189b101fddcfa3b",
        "type": "github"
      },
      "original": {
        "owner": "nix-community",
        "repo": "nixpkgs.lib",
        "type": "github"
      }
    },
    "nixpkgs-packages": {
      "locked": {
        "lastModified": 1791130267,
        "narHash": "sha256-NCFqY2YC3/5pwakzk7tXNUj3sG+VImjU4EkZMacxF1w=",
        "rev": "9013764fcc0ea99fa16cf7aa7decf8a5c3889dd2",
        "type": "tarball",
        "url": "https://releases.nixos.org/nixpkgs/nixpkgs-26.11pre1085518.9013764fcc0e/nixexprs.tar.zst"
      },
      "original": {
        "type": "tarball",
        "url": "https://channels.nixos.org/nixpkgs-unstable/nixexprs.tar.zst"
      }
    },
    "nixpkgs_2": {
      "locked": {
        "lastModified": 1791260994,
        "narHash": "sha256-MFBjw66d4h06MvpW6lIl7RwarLteD0sk859CncGwb1Q=",
        "rev": "151fa4e8ddfdd8dd25d945ad94ed54a13de9f6e4",
        "type": "tarball",
        "url": "https://releases.nixos.org/nixos/unstable/nixos-26.11pre1086391.151fa4e8ddfd/nixexprs.tar.zst"
      },
      "original": {
        "type": "tarball",
        "url": "https://channels.nixos.org/nixos-unstable/nixexprs.tar.zst"
      }
    },
    "nixpkgs_3": {
      "locked": {
        "lastModified": 1781607440,
        "narHash": "sha256-rxO+uc/KFbSJp+pgyXRuAX6QlG9hJdnt0BXpEQRXY+U=",
        "owner": "NixOS",
        "repo": "nixpkgs",
        "rev": "3e41b24abd260e8f71dbe2f5737d24122f972158",
        "type": "github"
      },
      "original": {
        "owner": "NixOS",
        "ref": "nixpkgs-unstable",
        "repo": "nixpkgs",
        "type": "github"
      }
    },
    "nixpkgs_4": {
      "locked": {
        "lastModified": 1781577229,
        "narHash": "sha256-lrp67w8AulE9Ks53n27I45ADSzbOCn4H+CNW1Ck8B+8=",
        "owner": "NixOS",
        "repo": "nixpkgs",
        "rev": "567a49d1913ce81ac6e9582e3553dd90a955875f",
        "type": "github"
      },
      "original": {
        "owner": "NixOS",
        "ref": "nixos-unstable",
        "repo": "nixpkgs",
        "type": "github"
      }
    },
    "nixpkgs_5": {
      "locked": {
        "lastModified": 1790769526,
        "narHash": "sha256-5AIVFLRcx8YAwbFTVPTs7YhwJH7JyHfAQsvXmpovcXI=",
        "owner": "NixOS",
        "repo": "nixpkgs",
        "rev": "c9fe7d12cd78d1adcd12dd15e24432dde5b155a0",
        "type": "github"
      },
      "original": {
        "owner": "NixOS",
        "ref": "nixpkgs-unstable",
        "repo": "nixpkgs",
        "type": "github"
      }
    },
    "nixpkgs_6": {
      "locked": {
        "lastModified": 1791143449,
        "narHash": "sha256-XvTu5S/TUsH4Jn9WRXSJfSxD7kHN4OzM/y+sKEzN8rU=",
        "rev": "0d9e9b832d03ac387417e16ce1febf73b2e631e1",
        "type": "tarball",
        "url": "https://releases.nixos.org/nixos/26.05/nixos-26.05.11216.0d9e9b832d03/nixexprs.tar.zst"
      },
      "original": {
        "type": "tarball",
        "url": "https://channels.nixos.org/nixos-26.05/nixexprs.tar.zst"
      }
    },
    "nixpkgs_7": {
      "locked": {
        "lastModified": 1791260994,
        "narHash": "sha256-Miqqk/ammqnTUxaoCyvtwoPeLbI1ksFyLxi/CazZpWY=",
        "owner": "nixos",
        "repo": "nixpkgs",
        "rev": "151fa4e8ddfdd8dd25d945ad94ed54a13de9f6e4",
        "type": "github"
      },
      "original": {
        "owner": "nixos",
        "ref": "nixos-unstable",
        "repo": "nixpkgs",
        "type": "github"
      }
    },
    "nixpkgs_8": {
      "locked": {
        "lastModified": 1791260994,
        "narHash": "sha256-Miqqk/ammqnTUxaoCyvtwoPeLbI1ksFyLxi/CazZpWY=",
        "owner": "NixOS",
        "repo": "nixpkgs",
        "rev": "151fa4e8ddfdd8dd25d945ad94ed54a13de9f6e4",
        "type": "github"
      },
      "original": {
        "owner": "NixOS",
        "ref": "nixos-unstable",
        "repo": "nixpkgs",
        "type": "github"
      }
    },
    "nixtants": {
      "locked": {
        "lastModified": 1789857717,
        "narHash": "sha256-sTAZ/YCP9VqVZvWC+2Sh01L309kIwVzkPMPIEWCdqrQ=",
        "owner": "givikuna",
        "repo": "nixtants",
        "rev": "032647e4315364a08d17ce607f991c1dd04047a2",
        "type": "github"
      },
      "original": {
        "owner": "givikuna",
        "repo": "nixtants",
        "type": "github"
      }
    },
    "nixtest": {
      "locked": {
        "dir": "lib",
        "lastModified": 1779378277,
        "narHash": "sha256-HIfcZI4rIPMBWoA28KYUJ4mF3v0xn6hWxS11mXtNlwI=",
        "owner": "TECHNOFAB",
        "repo": "nixtest",
        "rev": "6c4c1bace647f485457cfc952a274e17739177ed",
        "type": "gitlab"
      },
      "original": {
        "dir": "lib",
        "owner": "TECHNOFAB",
        "repo": "nixtest",
        "type": "gitlab"
      }
    },
    "nur": {
      "inputs": {
        "flake-parts": "flake-parts_2",
        "nixpkgs": [
          "nixpkgs"
        ]
      },
      "locked": {
        "lastModified": 1791341358,
        "narHash": "sha256-6lRR+hZnTWLkDHAjj9LP9g0wIxaIx4+XV0lVdo1RhvE=",
        "owner": "nix-community",
        "repo": "NUR",
        "rev": "6b2400c2c03cecf8b5350d715933653aea22fea6",
        "type": "github"
      },
      "original": {
        "owner": "nix-community",
        "repo": "NUR",
        "type": "github"
      }
    },
    "rip": {
      "inputs": {
        "flake-utils": "flake-utils_4",
        "nixpkgs": [
          "nixpkgs"
        ]
      },
      "locked": {
        "lastModified": 1770131429,
        "narHash": "sha256-5Qa6IKSjPTp3grntbn2A7b91FG7C2nEpBZYy5BCI6Co=",
        "owner": "cesarferreira",
        "repo": "rip",
        "rev": "83f0260229489cd3db2f60316bf2a9939b87c4a6",
        "type": "github"
      },
      "original": {
        "owner": "cesarferreira",
        "repo": "rip",
        "type": "github"
      }
    },
    "root": {
      "inputs": {
        "agenix": "agenix",
        "agent-sandbox": "agent-sandbox",
        "anubis-fetch": "anubis-fetch",
        "chaotic": "chaotic",
        "flake-utils": "flake-utils_2",
        "gitboy": "gitboy",
        "guixpkgs": "guixpkgs",
        "home-manager": "home-manager_2",
        "multiverse": "multiverse",
        "nix-flatpak": "nix-flatpak",
        "nix-gaming": "nix-gaming",
        "nixcord": "nixcord",
        "nixpkgs": "nixpkgs_7",
        "nixtants": "nixtants",
        "nixtest": "nixtest",
        "nur": "nur",
        "rip": "rip",
        "ynternals": "ynternals",
        "zen-browser": "zen-browser"
      }
    },
    "rust-overlay": {
      "inputs": {
        "nixpkgs": [
          "gitboy",
          "nixpkgs"
        ]
      },
      "locked": {
        "lastModified": 1781234414,
        "narHash": "sha256-HdA+P4fKRGOomkewnI/Tww5Wz4xK1O7+hDO90YAsPB4=",
        "owner": "oxalica",
        "repo": "rust-overlay",
        "rev": "1d18bfe3de6244c641ca4e8011186d0981b81d76",
        "type": "github"
      },
      "original": {
        "owner": "oxalica",
        "repo": "rust-overlay",
        "type": "github"
      }
    },
    "systems": {
      "locked": {
        "lastModified": 1681028828,
        "narHash": "sha256-Vy1rq5AaRuLzOxct8nz4T6wlgyUR7zLU309k9mBC768=",
        "owner": "nix-systems",
        "repo": "default",
        "rev": "da67096a3b9bf56a91d16901293e51ba5b49a27e",
        "type": "github"
      },
      "original": {
        "owner": "nix-systems",
        "repo": "default",
        "type": "github"
      }
    },
    "systems_2": {
      "locked": {
        "lastModified": 1681028828,
        "narHash": "sha256-Vy1rq5AaRuLzOxct8nz4T6wlgyUR7zLU309k9mBC768=",
        "owner": "nix-systems",
        "repo": "default",
        "rev": "da67096a3b9bf56a91d16901293e51ba5b49a27e",
        "type": "github"
      },
      "original": {
        "owner": "nix-systems",
        "repo": "default",
        "type": "github"
      }
    },
    "systems_3": {
      "locked": {
        "lastModified": 1681028828,
        "narHash": "sha256-Vy1rq5AaRuLzOxct8nz4T6wlgyUR7zLU309k9mBC768=",
        "owner": "nix-systems",
        "repo": "default",
        "rev": "da67096a3b9bf56a91d16901293e51ba5b49a27e",
        "type": "github"
      },
      "original": {
        "owner": "nix-systems",
        "repo": "default",
        "type": "github"
      }
    },
    "systems_4": {
      "locked": {
        "lastModified": 1681028828,
        "narHash": "sha256-Vy1rq5AaRuLzOxct8nz4T6wlgyUR7zLU309k9mBC768=",
        "owner": "nix-systems",
        "repo": "default",
        "rev": "da67096a3b9bf56a91d16901293e51ba5b49a27e",
        "type": "github"
      },
      "original": {
        "owner": "nix-systems",
        "repo": "default",
        "type": "github"
      }
    },
    "treefmt-nix": {
      "inputs": {
        "nixpkgs": [
          "anubis-fetch",
          "nixpkgs"
        ]
      },
      "locked": {
        "lastModified": 1780220602,
        "narHash": "sha256-eynAfOmbmxJnkp7YewvCEbShNnnYJ9gLLqkzsYtBPeM=",
        "owner": "numtide",
        "repo": "treefmt-nix",
        "rev": "db947814a175b7ca6ded66e21383d938df01c227",
        "type": "github"
      },
      "original": {
        "owner": "numtide",
        "repo": "treefmt-nix",
        "type": "github"
      }
    },
    "treefmt-nix_2": {
      "inputs": {
        "nixpkgs": [
          "guixpkgs",
          "nixpkgs"
        ]
      },
      "locked": {
        "lastModified": 1780220602,
        "narHash": "sha256-eynAfOmbmxJnkp7YewvCEbShNnnYJ9gLLqkzsYtBPeM=",
        "owner": "numtide",
        "repo": "treefmt-nix",
        "rev": "db947814a175b7ca6ded66e21383d938df01c227",
        "type": "github"
      },
      "original": {
        "owner": "numtide",
        "repo": "treefmt-nix",
        "type": "github"
      }
    },
    "treefmt-nix_3": {
      "inputs": {
        "nixpkgs": [
          "nixcord",
          "nixpkgs"
        ]
      },
      "locked": {
        "lastModified": 1791198660,
        "narHash": "sha256-f8Pye933T60vreB9u9pqfAXDyBqO13U7H0LvPsOxCIA=",
        "owner": "numtide",
        "repo": "treefmt-nix",
        "rev": "8b367b728be38d1bb7206f037c9df9989df3353a",
        "type": "github"
      },
      "original": {
        "owner": "numtide",
        "repo": "treefmt-nix",
        "type": "github"
      }
    },
    "ynternals": {
      "inputs": {
        "nixpkgs": "nixpkgs_8"
      },
      "locked": {
        "lastModified": 1789867172,
        "narHash": "sha256-mOOJYoI72TLWPFf42eD4sjbkWdmv5ywMvEGgmPt7hVI=",
        "owner": "givikuna",
        "repo": "ynternals",
        "rev": "f6db7e647cc078ac50748558e604fc9d82334995",
        "type": "github"
      },
      "original": {
        "owner": "givikuna",
        "repo": "ynternals",
        "type": "github"
      }
    },
    "zen-browser": {
      "inputs": {
        "nixpkgs": [
          "nixpkgs"
        ]
      },
      "locked": {
        "lastModified": 1791109428,
        "narHash": "sha256-9Wlecihq1JF26Le4xw1q75pQ4z0Pw88rRmUjeHzQXjY=",
        "owner": "youwen5",
        "repo": "zen-browser-flake",
        "rev": "4bbcd79d8104040a2e510f81199210070900ebcd",
        "type": "github"
      },
      "original": {
        "owner": "youwen5",
        "repo": "zen-browser-flake",
        "type": "github"
      }
    }
  },
  "root": "root",
  "version": 7
}
